<?xml version="1.0" encoding="utf-8"?>
<Project ToolsVersion="4.0" xmlns="http://schemas.microsoft.com/developer/msbuild/2003">
  <ItemGroup>
    <Filter Include="Pliki źródłowe">
      <UniqueIdentifier>{4FC737F1-C7A5-4376-A066-2A32D752A2FF}</UniqueIdentifier>
      <Extensions>cpp;c;cc;cxx;c++;cppm;ixx;def;odl;idl;hpj;bat;asm;asmx</Extensions>
    </Filter>
    <Filter Include="Pliki nagłówkowe">
      <UniqueIdentifier>{93995380-89BD-4b04-88EB-625FBE52EBFB}</UniqueIdentifier>
      <Extensions>h;hh;hpp;hxx;h++;hm;inl;inc;ipp;xsd</Extensions>
    </Filter>
    <Filter Include="Pliki zasobów">
      <UniqueIdentifier>{67DA6AB6-F800-4c08-8B7A-83BB121AAD01}</UniqueIdentifier>
      <Extensions>rc;ico;cur;bmp;dlg;rc2;rct;bin;rgs;gif;jpg;jpeg;jpe;resx;tiff;tif;png;wav;mfcribbon-ms</Extensions>
    </Filter>
    <Filter Include="Pliki zasobów\Shadery">
      <UniqueIdentifier>{3eba6d3d-76b5-41d7-a1ca-2f850dce445e}</UniqueIdentifier>
    </Filter>
    <Filter Include="Pliki zasobów\Inne">
      <UniqueIdentifier>{b3b2d209-ffd6-4735-b9a1-8366539efda4}</UniqueIdentifier>
    </Filter>
    <Filter Include="Pliki zasobów\Tekstury">
      <UniqueIdentifier>{96951460-d3b2-4cb1-a11a-97cc5698c4cd}</UniqueIdentifier>
    </Filter>
    <Filter Include="Pliki zasobów\Tekstury\skybox">
      <UniqueIdentifier>{60d88ce9-f91a-43d6-95a8-3d842ff5994a}</UniqueIdentifier>
    </Filter>
  </ItemGroup>
  <ItemGroup>
    <ClCompile Include="glad.c">
      <Filter>Pliki źródłowe</Filter>
    </ClCompile>
    <ClCompile Include="main.cpp">
      <Filter>Pliki źródłowe</Filter>
    </ClCompile>
    <ClCompile Include="EBO.cpp">
      <Filter>Pliki źródłowe</Filter>
    </ClCompile>
    <ClCompile Include="VAO.cpp">
      <Filter>Pliki źródłowe</Filter>
    </ClCompile>
    <ClCompile Include="VBO.cpp">
      <Filter>Pliki źródłowe</Filter>
    </ClCompile>
    <ClCompile Include="Camera.cpp">
      <Filter>Pliki źródłowe</Filter>
    </ClCompile>
    <ClCompile Include="Game.cpp">
      <Filter>Pliki źródłowe</Filter>
    </ClCompile>
    <ClCompile Include="Maze.cpp">
      <Filter>Pliki źródłowe</Filter>
    </ClCompile>
    <ClCompile Include="stb_image.cpp">
      <Filter>Pliki źródłowe</Filter>
    </ClCompile>
    <ClCompile Include="UI.cpp">
      <Filter>Pliki źródłowe</Filter>
    </ClCompile>
    <ClCompile Include="texture.cpp">
      <Filter>Pliki źródłowe</Filter>
    </ClCompile>
    <ClCompile Include="Skybox.cpp">
      <Filter>Pliki źródłowe</Filter>
    </ClCompile>
    <ClCompile Include="Ground.cpp">
      <Filter>Pliki źródłowe</Filter>
    </ClCompile>
    <ClCompile Include="Shader.cpp">
      <Filter>Pliki źródłowe</Filter>
    </ClCompile>
    <ClCompile Include="Key.cpp">
      <Filter>Pliki źródłowe</Filter>
    </ClCompile>
    <ClCompile Include="Door.cpp">
      <Filter>Pliki źródłowe</Filter>
    </ClCompile>
    <ClCompile Include="Portal.cpp">
      <Filter>Pliki źródłowe</Filter>
    </ClCompile>
    <ClCompile Include="EndScreen.cpp">
      <Filter>Pliki źródłowe</Filter>
    </ClCompile>
  </ItemGroup>
  <ItemGroup>
    <ClInclude Include="EBO.h">
      <Filter>Pliki nagłówkowe</Filter>
    </ClInclude>
    <ClInclude Include="VAO.h">
      <Filter>Pliki nagłówkowe</Filter>
    </ClInclude>
    <ClInclude Include="VBO.h">
      <Filter>Pliki nagłówkowe</Filter>
    </ClInclude>
    <ClInclude Include="Camera.h">
      <Filter>Pliki nagłówkowe</Filter>
    </ClInclude>
    <ClInclude Include="Game.h">
      <Filter>Pliki nagłówkowe</Filter>
    </ClInclude>
    <ClInclude Include="Maze.h">
      <Filter>Pliki nagłówkowe</Filter>
    </ClInclude>
    <ClInclude Include="UI.h">
      <Filter>Pliki nagłówkowe</Filter>
    </ClInclude>
    <ClInclude Include="texture.h">
      <Filter>Pliki nagłówkowe</Filter>
    </ClInclude>
    <ClInclude Include="Skybox.h">
      <Filter>Pliki nagłówkowe</Filter>
    </ClInclude>
    <ClInclude Include="Ground.h">
      <Filter>Pliki nagłówkowe</Filter>
    </ClInclude>
    <ClInclude Include="Shader.h">
      <Filter>Pliki nagłówkowe</Filter>
    </ClInclude>
    <ClInclude Include="Key.h">
      <Filter>Pliki nagłówkowe</Filter>
    </ClInclude>
    <ClInclude Include="Door.h">
      <Filter>Pliki nagłówkowe</Filter>
    </ClInclude>
    <ClInclude Include="Portal.h">
      <Filter>Pliki nagłówkowe</Filter>
    </ClInclude>
    <ClInclude Include="EndScreen.h">
      <Filter>Pliki nagłówkowe</Filter>
    </ClInclude>
  </ItemGroup>
  <ItemGroup>
    <None Include="shader.frag">
      <Filter>Pliki zasobów\Shadery</Filter>
    </None>
    <None Include="shader.vert">
      <Filter>Pliki zasobów\Shadery</Filter>
    </None>
    <None Include="ui.frag">
      <Filter>Pliki zasobów\Shadery</Filter>
    </None>
    <None Include="ui.vert">
      <Filter>Pliki zasobów\Shadery</Filter>
    </None>
    <None Include="skybox.vert">
      <Filter>Pliki zasobów\Shadery</Filter>
    </None>
    <None Include="skybox.frag">
      <Filter>Pliki zasobów\Shadery</Filter>
    </None>
  </ItemGroup>
  <ItemGroup>
    <Text Include="maze.txt">
      <Filter>Pliki zasobów\Inne</Filter>
    </Text>
  </ItemGroup>
  <ItemGroup>
    <Image Include="wall_texture.png">
      <Filter>Pliki zasobów\Tekstury</Filter>
    </Image>
    <Image Include="hand.png">
      <Filter>Pliki zasobów\Tekstury</Filter>
    </Image>
    <Image Include="dol.png">
      <Filter>Pliki zasobów\Tekstury\skybox</Filter>
    </Image>
    <Image Include="lewo.png">
      <Filter>Pliki zasobów\Tekstury\skybox</Filter>
    </Image>
    <Image Include="prawo.png">
      <Filter>Pliki zasobów\Tekstury\skybox</Filter>
    </Image>
    <Image Include="przod.png">
      <Filter>Pliki zasobów\Tekstury\skybox</Filter>
    </Image>
    <Image Include="tyl.png">
      <Filter>Pliki zasobów\Tekstury\skybox</Filter>
    </Image>
    <Image Include="gora.png">
      <Filter>Pliki zasobów\Tekstury\skybox</Filter>
    </Image>
    <Image Include="ground_texture.png">
      <Filter>Pliki zasobów\Tekstury</Filter>
    </Image>
    <Image Include="key_texture.png">
      <Filter>Pliki zasobów\Tekstury</Filter>
    </Image>
  </ItemGroup>
</Project>